
Microsoft Visual Studio Solution File, Format Version 12.00
# Visual Studio Version 17
VisualStudioVersion = 17.9.34728.123
MinimumVisualStudioVersion = 10.0.40219.1
Project("{FAE04EC0-301F-11D3-BF4B-00C04F79EFBC}") = "PantryCenter", "PantryCenter.csproj", "{C1883E42-4CD4-4D44-AF57-5075588D52D4}"
EndProject
Global
	GlobalSection(SolutionConfigurationPlatforms) = preSolution
		Debug|Any CPU = Debug|Any CPU
		Release|Any CPU = Release|Any CPU
	EndGlobalSection
	GlobalSection(ProjectConfigurationPlatforms) = postSolution
		{C1883E42-4CD4-4D44-AF57-5075588D52D4}.Debug|Any CPU.ActiveCfg = Debug|Any CPU
		{C1883E42-4CD4-4D44-AF57-5075588D52D4}.Debug|Any CPU.Build.0 = Debug|Any CPU
		{C1883E42-4CD4-4D44-AF57-5075588D52D4}.Release|Any CPU.ActiveCfg = Release|Any CPU
		{C1883E42-4CD4-4D44-AF57-5075588D52D4}.Release|Any CPU.Build.0 = Release|Any CPU
	EndGlobalSection
	GlobalSection(SolutionProperties) = preSolution
		HideSolutionNode = FALSE
	EndGlobalSection
	GlobalSection(ExtensibilityGlobals) = postSolution
		SolutionGuid = {AD7E34F9-3AE1-457F-9FDE-D8D87E8F0358}
	EndGlobalSection
EndGlobal
